
Microsoft Visual Studio Solution File, Format Version 12.00
# Visual Studio Version 17
VisualStudioVersion = 17.4.32916.344
MinimumVisualStudioVersion = 10.0.40219.1
Project("{FAE04EC0-301F-11D3-BF4B-00C04F79EFBC}") = "Lecture_11_While_Do", "Lecture_11_While_Do.csproj", "{354E69D7-298F-4F6B-A707-09BC6989AECF}"
EndProject
Global
	GlobalSection(SolutionConfigurationPlatforms) = preSolution
		Debug|Any CPU = Debug|Any CPU
		Release|Any CPU = Release|Any CPU
	EndGlobalSection
	GlobalSection(ProjectConfigurationPlatforms) = postSolution
		{354E69D7-298F-4F6B-A707-09BC6989AECF}.Debug|Any CPU.ActiveCfg = Debug|Any CPU
		{354E69D7-298F-4F6B-A707-09BC6989AECF}.Debug|Any CPU.Build.0 = Debug|Any CPU
		{354E69D7-298F-4F6B-A707-09BC6989AECF}.Release|Any CPU.ActiveCfg = Release|Any CPU
		{354E69D7-298F-4F6B-A707-09BC6989AECF}.Release|Any CPU.Build.0 = Release|Any CPU
	EndGlobalSection
	GlobalSection(SolutionProperties) = preSolution
		HideSolutionNode = FALSE
	EndGlobalSection
	GlobalSection(ExtensibilityGlobals) = postSolution
		SolutionGuid = {BC42E566-EB06-49E1-8D6A-B901949E7702}
	EndGlobalSection
EndGlobal
